// !$*UTF8*$!
{
	archiveVersion = 1;
	classes = {
	};
	objectVersion = 55;
	objects = {

/* Begin PBXBuildFile section */
		18E26CDC27E0FFF200771BEA /* AppDelegate.swift in Sources */ = {isa = PBXBuildFile; fileRef = 18E26CDB27E0FFF200771BEA /* AppDelegate.swift */; };
		18E26CDE27E0FFF200771BEA /* SceneDelegate.swift in Sources */ = {isa = PBXBuildFile; fileRef = 18E26CDD27E0FFF200771BEA /* SceneDelegate.swift */; };
		18E26CE027E0FFF200771BEA /* ViewController.swift in Sources */ = {isa = PBXBuildFile; fileRef = 18E26CDF27E0FFF200771BEA /* ViewController.swift */; };
		18E26CE327E0FFF200771BEA /* Main.storyboard in Resources */ = {isa = PBXBuildFile; fileRef = 18E26CE127E0FFF200771BEA /* Main.storyboard */; };
		18E26CE527E0FFF400771BEA /* Assets.xcassets in Resources */ = {isa = PBXBuildFile; fileRef = 18E26CE427E0FFF400771BEA /* Assets.xcassets */; };
		18E26CE827E0FFF400771BEA /* LaunchScreen.storyboard in Resources */ = {isa = PBXBuildFile; fileRef = 18E26CE627E0FFF400771BEA /* LaunchScreen.storyboard */; };
		D87A1BD722102D7C915BEFB2 /* Pods_DoggyDatingDeluxeIOS.framework in Frameworks */ = {isa = PBXBuildFile; fileRef = 28AFC16B98073F3135FA3163 /* Pods_DoggyDatingDeluxeIOS.framework */; };
/* End PBXBuildFile section */

/* Begin PBXFileReference section */
		1405CBE49C4A2AD1F1D8A36E /* Pods-DoggyDatingDeluxeIOS.release.xcconfig */ = {isa = PBXFileReference; includeInIndex = 1; lastKnownFileType = text.xcconfig; name = "Pods-DoggyDatingDeluxeIOS.release.xcconfig"; path = "Target Support Files/Pods-DoggyDatingDeluxeIOS/Pods-DoggyDatingDeluxeIOS.release.xcconfig"; sourceTree = "<group>"; };
		18E26CD827E0FFF200771BEA /* DoggyDatingDeluxeIOS.app */ = {isa = PBXFileReference; explicitFileType = wrapper.application; includeInIndex = 0; path = DoggyDatingDeluxeIOS.app; sourceTree = BUILT_PRODUCTS_DIR; };
		18E26CDB27E0FFF200771BEA /* AppDelegate.swift */ = {isa = PBXFileReference; lastKnownFileType = sourcecode.swift; path = AppDelegate.swift; sourceTree = "<group>"; };
		18E26CDD27E0FFF200771BEA /* SceneDelegate.swift */ = {isa = PBXFileReference; lastKnownFileType = sourcecode.swift; path = SceneDelegate.swift; sourceTree = "<group>"; };
		18E26CDF27E0FFF200771BEA /* ViewController.swift */ = {isa = PBXFileReference; lastKnownFileType = sourcecode.swift; path = ViewController.swift; sourceTree = "<group>"; };
		18E26CE227E0FFF200771BEA /* Base */ = {isa = PBXFileReference; lastKnownFileType = file.storyboard; name = Base; path = Base.lproj/Main.storyboard; sourceTree = "<group>"; };
		18E26CE427E0FFF400771BEA /* Assets.xcassets */ = {isa = PBXFileReference; lastKnownFileType = folder.assetcatalog; path = Assets.xcassets; sourceTree = "<group>"; };
		18E26CE727E0FFF400771BEA /* Base */ = {isa = PBXFileReference; lastKnownFileType = file.storyboard; name = Base; path = Base.lproj/LaunchScreen.storyboard; sourceTree = "<group>"; };
		18E26CE927E0FFF400771BEA /* Info.plist */ = {isa = PBXFileReference; lastKnownFileType = text.plist.xml; path = Info.plist; sourceTree = "<group>"; };
		28AFC16B98073F3135FA3163 /* Pods_DoggyDatingDeluxeIOS.framework */ = {isa = PBXFileReference; explicitFileType = wrapper.framework; includeInIndex = 0; path = Pods_DoggyDatingDeluxeIOS.framework; sourceTree = BUILT_PRODUCTS_DIR; };
		6539C772C6DCD7BBF91431DB /* Pods-DoggyDatingDeluxeIOS.debug.xcconfig */ = {isa = PBXFileReference; includeInIndex = 1; lastKnownFileType = text.xcconfig; name = "Pods-DoggyDatingDeluxeIOS.debug.xcconfig"; path = "Target Support Files/Pods-DoggyDatingDeluxeIOS/Pods-DoggyDatingDeluxeIOS.debug.xcconfig"; sourceTree = "<group>"; };
/* End PBXFileReference section */

/* Begin PBXFrameworksBuildPhase section */
		18E26CD527E0FFF200771BEA /* Frameworks */ = {
			isa = PBXFrameworksBuildPhase;
			buildActionMask = 2147483647;
			files = (
				D87A1BD722102D7C915BEFB2 /* Pods_DoggyDatingDeluxeIOS.framework in Frameworks */,
			);
			runOnlyForDeploymentPostprocessing = 0;
		};
/* End PBXFrameworksBuildPhase section */

/* Begin PBXGroup section */
		18E26CCF27E0FFF200771BEA = {
			isa = PBXGroup;
			children = (
				18E26CDA27E0FFF200771BEA /* DoggyDatingDeluxeIOS */,
				18E26CD927E0FFF200771BEA /* Products */,
				A7E09ADA177D7CAA01684F84 /* Pods */,
				66DA1E61E736BF087E13946C /* Frameworks */,
			);
			sourceTree = "<group>";
		};
		18E26CD927E0FFF200771BEA /* Products */ = {
			isa = PBXGroup;
			children = (
				18E26CD827E0FFF200771BEA /* DoggyDatingDeluxeIOS.app */,
			);
			name = Products;
			sourceTree = "<group>";
		};
		18E26CDA27E0FFF200771BEA /* DoggyDatingDeluxeIOS */ = {
			isa = PBXGroup;
			children = (
				18E26CDB27E0FFF200771BEA /* AppDelegate.swift */,
				18E26CDD27E0FFF200771BEA /* SceneDelegate.swift */,
				18E26CDF27E0FFF200771BEA /* ViewController.swift */,
				18E26CE127E0FFF200771BEA /* Main.storyboard */,
				18E26CE427E0FFF400771BEA /* Assets.xcassets */,
				18E26CE627E0FFF400771BEA /* LaunchScreen.storyboard */,
				18E26CE927E0FFF400771BEA /* Info.plist */,
			);
			path = DoggyDatingDeluxeIOS;
			sourceTree = "<group>";
		};
		66DA1E61E736BF087E13946C /* Frameworks */ = {
			isa = PBXGroup;
			children = (
				28AFC16B98073F3135FA3163 /* Pods_DoggyDatingDeluxeIOS.framework */,
			);
			name = Frameworks;
			sourceTree = "<group>";
		};
		A7E09ADA177D7CAA01684F84 /* Pods */ = {
			isa = PBXGroup;
			children = (
				6539C772C6DCD7BBF91431DB /* Pods-DoggyDatingDeluxeIOS.debug.xcconfig */,
				1405CBE49C4A2AD1F1D8A36E /* Pods-DoggyDatingDeluxeIOS.release.xcconfig */,
			);
			name = Pods;
			path = Pods;
			sourceTree = "<group>";
		};
/* End PBXGroup section */

/* Begin PBXNativeTarget section */
		18E26CD727E0FFF200771BEA /* DoggyDatingDeluxeIOS */ = {
			isa = PBXNativeTarget;
			buildConfigurationList = 18E26CEC27E0FFF400771BEA /* Build configuration list for PBXNativeTarget "DoggyDatingDeluxeIOS" */;
			buildPhases = (
				FAE6402EE50FD83059BA2157 /* [CP] Check Pods Manifest.lock */,
				18E26CD427E0FFF200771BEA /* Sources */,
				18E26CD527E0FFF200771BEA /* Frameworks */,
				18E26CD627E0FFF200771BEA /* Resources */,
				17C35D77FD22A9814E84972A /* [CP] Embed Pods Frameworks */,
			);
			buildRules = (
			);
			dependencies = (
			);
			name = DoggyDatingDeluxeIOS;
			productName = DoggyDatingDeluxeIOS;
			productReference = 18E26CD827E0FFF200771BEA /* DoggyDatingDeluxeIOS.app */;
			productType = "com.apple.product-type.application";
		};
/* End PBXNativeTarget section */

/* Begin PBXProject section */
		18E26CD027E0FFF200771BEA /* Project object */ = {
			isa = PBXProject;
			attributes = {
				BuildIndependentTargetsInParallel = 1;
				LastSwiftUpdateCheck = 1320;
				LastUpgradeCheck = 1320;
				TargetAttributes = {
					18E26CD727E0FFF200771BEA = {
						CreatedOnToolsVersion = 13.2.1;
					};
				};
			};
			buildConfigurationList = 18E26CD327E0FFF200771BEA /* Build configuration list for PBXProject "DoggyDatingDeluxeIOS" */;
			compatibilityVersion = "Xcode 13.0";
			developmentRegion = en;
			hasScannedForEncodings = 0;
			knownRegions = (
				en,
				Base,
			);
			mainGroup = 18E26CCF27E0FFF200771BEA;
			productRefGroup = 18E26CD927E0FFF200771BEA /* Products */;
			projectDirPath = "";
			projectRoot = "";
			targets = (
				18E26CD727E0FFF200771BEA /* DoggyDatingDeluxeIOS */,
			);
		};
/* End PBXProject section */

/* Begin PBXResourcesBuildPhase section */
		18E26CD627E0FFF200771BEA /* Resources */ = {
			isa = PBXResourcesBuildPhase;
			buildActionMask = 2147483647;
			files = (
				18E26CE827E0FFF400771BEA /* LaunchScreen.storyboard in Resources */,
				18E26CE527E0FFF400771BEA /* Assets.xcassets in Resources */,
				18E26CE327E0FFF200771BEA /* Main.storyboard in Resources */,
			);
			runOnlyForDeploymentPostprocessing = 0;
		};
/* End PBXResourcesBuildPhase section */

/* Begin PBXShellScriptBuildPhase section */
		17C35D77FD22A9814E84972A /* [CP] Embed Pods Frameworks */ = {
			isa = PBXShellScriptBuildPhase;
			buildActionMask = 2147483647;
			files = (
			);
			inputFileListPaths = (
				"${PODS_ROOT}/Target Support Files/Pods-DoggyDatingDeluxeIOS/Pods-DoggyDatingDeluxeIOS-frameworks-${CONFIGURATION}-input-files.xcfilelist",
			);
			name = "[CP] Embed Pods Frameworks";
			outputFileListPaths = (
				"${PODS_ROOT}/Target Support Files/Pods-DoggyDatingDeluxeIOS/Pods-DoggyDatingDeluxeIOS-frameworks-${CONFIGURATION}-output-files.xcfilelist",
			);
			runOnlyForDeploymentPostprocessing = 0;
			shellPath = /bin/sh;
			shellScript = "\"${PODS_ROOT}/Target Support Files/Pods-DoggyDatingDeluxeIOS/Pods-DoggyDatingDeluxeIOS-frameworks.sh\"\n";
			showEnvVarsInLog = 0;
		};
		FAE6402EE50FD83059BA2157 /* [CP] Check Pods Manifest.lock */ = {
			isa = PBXShellScriptBuildPhase;
			buildActionMask = 2147483647;
			files = (
			);
			inputFileListPaths = (
			);
			inputPaths = (
				"${PODS_PODFILE_DIR_PATH}/Podfile.lock",
				"${PODS_ROOT}/Manifest.lock",
			);
			name = "[CP] Check Pods Manifest.lock";
			outputFileListPaths = (
			);
			outputPaths = (
				"$(DERIVED_FILE_DIR)/Pods-DoggyDatingDeluxeIOS-checkManifestLockResult.txt",
			);
			runOnlyForDeploymentPostprocessing = 0;
			shellPath = /bin/sh;
			shellScript = "diff \"${PODS_PODFILE_DIR_PATH}/Podfile.lock\" \"${PODS_ROOT}/Manifest.lock\" > /dev/null\nif [ $? != 0 ] ; then\n    # print error to STDERR\n    echo \"error: The sandbox is not in sync with the Podfile.lock. Run 'pod install' or update your CocoaPods installation.\" >&2\n    exit 1\nfi\n# This output is used by Xcode 'outputs' to avoid re-running this script phase.\necho \"SUCCESS\" > \"${SCRIPT_OUTPUT_FILE_0}\"\n";
			showEnvVarsInLog = 0;
		};
/* End PBXShellScriptBuildPhase section */

/* Begin PBXSourcesBuildPhase section */
		18E26CD427E0FFF200771BEA /* Sources */ = {
			isa = PBXSourcesBuildPhase;
			buildActionMask = 2147483647;
			files = (
				18E26CE027E0FFF200771BEA /* ViewController.swift in Sources */,
				18E26CDC27E0FFF200771BEA /* AppDelegate.swift in Sources */,
				18E26CDE27E0FFF200771BEA /* SceneDelegate.swift in Sources */,
			);
			runOnlyForDeploymentPostprocessing = 0;
		};
/* End PBXSourcesBuildPhase section */

/* Begin PBXVariantGroup section */
		18E26CE127E0FFF200771BEA /* Main.storyboard */ = {
			isa = PBXVariantGroup;
			children = (
				18E26CE227E0FFF200771BEA /* Base */,
			);
			name = Main.storyboard;
			sourceTree = "<group>";
		};
		18E26CE627E0FFF400771BEA /* LaunchScreen.storyboard */ = {
			isa = PBXVariantGroup;
			children = (
				18E26CE727E0FFF400771BEA /* Base */,
			);
			name = LaunchScreen.storyboard;
			sourceTree = "<group>";
		};
/* End PBXVariantGroup section */

/* Begin XCBuildConfiguration section */
		18E26CEA27E0FFF400771BEA /* Debug */ = {
			isa = XCBuildConfiguration;
			buildSettings = {
				ALWAYS_SEARCH_USER_PATHS = NO;
				CLANG_ANALYZER_NONNULL = YES;
				CLANG_ANALYZER_NUMBER_OBJECT_CONVERSION = YES_AGGRESSIVE;
				CLANG_CXX_LANGUAGE_STANDARD = "gnu++17";
				CLANG_CXX_LIBRARY = "libc++";
				CLANG_ENABLE_MODULES = YES;
				CLANG_ENABLE_OBJC_ARC = YES;
				CLANG_ENABLE_OBJC_WEAK = YES;
				CLANG_WARN_BLOCK_CAPTURE_AUTORELEASING = YES;
				CLANG_WARN_BOOL_CONVERSION = YES;
				CLANG_WARN_COMMA = YES;
				CLANG_WARN_CONSTANT_CONVERSION = YES;
				CLANG_WARN_DEPRECATED_OBJC_IMPLEMENTATIONS = YES;
				CLANG_WARN_DIRECT_OBJC_ISA_USAGE = YES_ERROR;
				CLANG_WARN_DOCUMENTATION_COMMENTS = YES;
				CLANG_WARN_EMPTY_BODY = YES;
				CLANG_WARN_ENUM_CONVERSION = YES;
				CLANG_WARN_INFINITE_RECURSION = YES;
				CLANG_WARN_INT_CONVERSION = YES;
				CLANG_WARN_NON_LITERAL_NULL_CONVERSION = YES;
				CLANG_WARN_OBJC_IMPLICIT_RETAIN_SELF = YES;
				CLANG_WARN_OBJC_LITERAL_CONVERSION = YES;
				CLANG_WARN_OBJC_ROOT_CLASS = YES_ERROR;
				CLANG_WARN_QUOTED_INCLUDE_IN_FRAMEWORK_HEADER = YES;
				CLANG_WARN_RANGE_LOOP_ANALYSIS = YES;
				CLANG_WARN_STRICT_PROTOTYPES = YES;
				CLANG_WARN_SUSPICIOUS_MOVE = YES;
				CLANG_WARN_UNGUARDED_AVAILABILITY = YES_AGGRESSIVE;
				CLANG_WARN_UNREACHABLE_CODE = YES;
				CLANG_WARN__DUPLICATE_METHOD_MATCH = YES;
				COPY_PHASE_STRIP = NO;
				DEBUG_INFORMATION_FORMAT = dwarf;
				ENABLE_STRICT_OBJC_MSGSEND = YES;
				ENABLE_TESTABILITY = YES;
				GCC_C_LANGUAGE_STANDARD = gnu11;
				GCC_DYNAMIC_NO_PIC = NO;
				GCC_NO_COMMON_BLOCKS = YES;
				GCC_OPTIMIZATION_LEVEL = 0;
				GCC_PREPROCESSOR_DEFINITIONS = (
					"DEBUG=1",
					"$(inherited)",
				);
				GCC_WARN_64_TO_32_BIT_CONVERSION = YES;
				GCC_WARN_ABOUT_RETURN_TYPE = YES_ERROR;
				GCC_WARN_UNDECLARED_SELECTOR = YES;
				GCC_WARN_UNINITIALIZED_AUTOS = YES_AGGRESSIVE;
				GCC_WARN_UNUSED_FUNCTION = YES;
				GCC_WARN_UNUSED_VARIABLE = YES;
				IPHONEOS_DEPLOYMENT_TARGET = 15.2;
				MTL_ENABLE_DEBUG_INFO = INCLUDE_SOURCE;
				MTL_FAST_MATH = YES;
				ONLY_ACTIVE_ARCH = YES;
				SDKROOT = iphoneos;
				SWIFT_ACTIVE_COMPILATION_CONDITIONS = DEBUG;
				SWIFT_OPTIMIZATION_LEVEL = "-Onone";
			};
			name = Debug;
		};
		18E26CEB27E0FFF400771BEA /* Release */ = {
			isa = XCBuildConfiguration;
			buildSettings = {
				ALWAYS_SEARCH_USER_PATHS = NO;
				CLANG_ANALYZER_NONNULL = YES;
				CLANG_ANALYZER_NUMBER_OBJECT_CONVERSION = YES_AGGRESSIVE;
				CLANG_CXX_LANGUAGE_STANDARD = "gnu++17";
				CLANG_CXX_LIBRARY = "libc++";
				CLANG_ENABLE_MODULES = YES;
				CLANG_ENABLE_OBJC_ARC = YES;
				CLANG_ENABLE_OBJC_WEAK = YES;
				CLANG_WARN_BLOCK_CAPTURE_AUTORELEASING = YES;
				CLANG_WARN_BOOL_CONVERSION = YES;
				CLANG_WARN_COMMA = YES;
				CLANG_WARN_CONSTANT_CONVERSION = YES;
				CLANG_WARN_DEPRECATED_OBJC_IMPLEMENTATIONS = YES;
				CLANG_WARN_DIRECT_OBJC_ISA_USAGE = YES_ERROR;
				CLANG_WARN_DOCUMENTATION_COMMENTS = YES;
				CLANG_WARN_EMPTY_BODY = YES;
				CLANG_WARN_ENUM_CONVERSION = YES;
				CLANG_WARN_INFINITE_RECURSION = YES;
				CLANG_WARN_INT_CONVERSION = YES;
				CLANG_WARN_NON_LITERAL_NULL_CONVERSION = YES;
				CLANG_WARN_OBJC_IMPLICIT_RETAIN_SELF = YES;
				CLANG_WARN_OBJC_LITERAL_CONVERSION = YES;
				CLANG_WARN_OBJC_ROOT_CLASS = YES_ERROR;
				CLANG_WARN_QUOTED_INCLUDE_IN_FRAMEWORK_HEADER = YES;
				CLANG_WARN_RANGE_LOOP_ANALYSIS = YES;
				CLANG_WARN_STRICT_PROTOTYPES = YES;
				CLANG_WARN_SUSPICIOUS_MOVE = YES;
				CLANG_WARN_UNGUARDED_AVAILABILITY = YES_AGGRESSIVE;
				CLANG_WARN_UNREACHABLE_CODE = YES;
				CLANG_WARN__DUPLICATE_METHOD_MATCH = YES;
				COPY_PHASE_STRIP = NO;
				DEBUG_INFORMATION_FORMAT = "dwarf-with-dsym";
				ENABLE_NS_ASSERTIONS = NO;
				ENABLE_STRICT_OBJC_MSGSEND = YES;
				GCC_C_LANGUAGE_STANDARD = gnu11;
				GCC_NO_COMMON_BLOCKS = YES;
				GCC_WARN_64_TO_32_BIT_CONVERSION = YES;
				GCC_WARN_ABOUT_RETURN_TYPE = YES_ERROR;
				GCC_WARN_UNDECLARED_SELECTOR = YES;
				GCC_WARN_UNINITIALIZED_AUTOS = YES_AGGRESSIVE;
				GCC_WARN_UNUSED_FUNCTION = YES;
				GCC_WARN_UNUSED_VARIABLE = YES;
				IPHONEOS_DEPLOYMENT_TARGET = 15.2;
				MTL_ENABLE_DEBUG_INFO = NO;
				MTL_FAST_MATH = YES;
				SDKROOT = iphoneos;
				SWIFT_COMPILATION_MODE = wholemodule;
				SWIFT_OPTIMIZATION_LEVEL = "-O";
				VALIDATE_PRODUCT = YES;
			};
			name = Release;
		};
		18E26CED27E0FFF400771BEA /* Debug */ = {
			isa = XCBuildConfiguration;
			baseConfigurationReference = 6539C772C6DCD7BBF91431DB /* Pods-DoggyDatingDeluxeIOS.debug.xcconfig */;
			buildSettings = {
				ASSETCATALOG_COMPILER_APPICON_NAME = AppIcon;
				ASSETCATALOG_COMPILER_GLOBAL_ACCENT_COLOR_NAME = AccentColor;
				CODE_SIGN_STYLE = Automatic;
				CURRENT_PROJECT_VERSION = 1;
				DEVELOPMENT_TEAM = 5CC4X4VX8X;
				GENERATE_INFOPLIST_FILE = YES;
				INFOPLIST_FILE = DoggyDatingDeluxeIOS/Info.plist;
				INFOPLIST_KEY_UIApplicationSupportsIndirectInputEvents = YES;
				INFOPLIST_KEY_UILaunchStoryboardName = LaunchScreen;
				INFOPLIST_KEY_UIMainStoryboardFile = Main;
				INFOPLIST_KEY_UISupportedInterfaceOrientations_iPad = "UIInterfaceOrientationPortrait UIInterfaceOrientationPortraitUpsideDown UIInterfaceOrientationLandscapeLeft UIInterfaceOrientationLandscapeRight";
				INFOPLIST_KEY_UISupportedInterfaceOrientations_iPhone = "UIInterfaceOrientationPortrait UIInterfaceOrientationLandscapeLeft UIInterfaceOrientationLandscapeRight";
				LD_RUNPATH_SEARCH_PATHS = (
					"$(inherited)",
					"@executable_path/Frameworks",
				);
				MARKETING_VERSION = 1.0;
				PRODUCT_BUNDLE_IDENTIFIER = IWB.DoggyDatingDeluxeIOS;
				PRODUCT_NAME = "$(TARGET_NAME)";
				SWIFT_EMIT_LOC_STRINGS = YES;
				SWIFT_VERSION = 5.0;
				TARGETED_DEVICE_FAMILY = "1,2";
			};
			name = Debug;
		};
		18E26CEE27E0FFF400771BEA /* Release */ = {
			isa = XCBuildConfiguration;
			baseConfigurationReference = 1405CBE49C4A2AD1F1D8A36E /* Pods-DoggyDatingDeluxeIOS.release.xcconfig */;
			buildSettings = {
				ASSETCATALOG_COMPILER_APPICON_NAME = AppIcon;
				ASSETCATALOG_COMPILER_GLOBAL_ACCENT_COLOR_NAME = AccentColor;
				CODE_SIGN_STYLE = Automatic;
				CURRENT_PROJECT_VERSION = 1;
				DEVELOPMENT_TEAM = 5CC4X4VX8X;
				GENERATE_INFOPLIST_FILE = YES;
				INFOPLIST_FILE = DoggyDatingDeluxeIOS/Info.plist;
				INFOPLIST_KEY_UIApplicationSupportsIndirectInputEvents = YES;
				INFOPLIST_KEY_UILaunchStoryboardName = LaunchScreen;
				INFOPLIST_KEY_UIMainStoryboardFile = Main;
				INFOPLIST_KEY_UISupportedInterfaceOrientations_iPad = "UIInterfaceOrientationPortrait UIInterfaceOrientationPortraitUpsideDown UIInterfaceOrientationLandscapeLeft UIInterfaceOrientationLandscapeRight";
				INFOPLIST_KEY_UISupportedInterfaceOrientations_iPhone = "UIInterfaceOrientationPortrait UIInterfaceOrientationLandscapeLeft UIInterfaceOrientationLandscapeRight";
				LD_RUNPATH_SEARCH_PATHS = (
					"$(inherited)",
					"@executable_path/Frameworks",
				);
				MARKETING_VERSION = 1.0;
				PRODUCT_BUNDLE_IDENTIFIER = IWB.DoggyDatingDeluxeIOS;
				PRODUCT_NAME = "$(TARGET_NAME)";
				SWIFT_EMIT_LOC_STRINGS = YES;
				SWIFT_VERSION = 5.0;
				TARGETED_DEVICE_FAMILY = "1,2";
			};
			name = Release;
		};
/* End XCBuildConfiguration section */

/* Begin XCConfigurationList section */
		18E26CD327E0FFF200771BEA /* Build configuration list for PBXProject "DoggyDatingDeluxeIOS" */ = {
			isa = XCConfigurationList;
			buildConfigurations = (
				18E26CEA27E0FFF400771BEA /* Debug */,
				18E26CEB27E0FFF400771BEA /* Release */,
			);
			defaultConfigurationIsVisible = 0;
			defaultConfigurationName = Release;
		};
		18E26CEC27E0FFF400771BEA /* Build configuration list for PBXNativeTarget "DoggyDatingDeluxeIOS" */ = {
			isa = XCConfigurationList;
			buildConfigurations = (
				18E26CED27E0FFF400771BEA /* Debug */,
				18E26CEE27E0FFF400771BEA /* Release */,
			);
			defaultConfigurationIsVisible = 0;
			defaultConfigurationName = Release;
		};
/* End XCConfigurationList section */
	};
	rootObject = 18E26CD027E0FFF200771BEA /* Project object */;
}
